
Microsoft Visual Studio Solution File, Format Version 12.00
# Visual Studio Version 17
VisualStudioVersion = 17.13.35919.96 d17.13
MinimumVisualStudioVersion = 10.0.40219.1
Project("{FAE04EC0-301F-11D3-BF4B-00C04F79EFBC}") = "APIResevaDeLaboratorio", "APIResevaDeLaboratorio.csproj", "{4C342FA5-4627-4D1D-AFFF-5C318C6BFAB6}"
EndProject
Global
	GlobalSection(SolutionConfigurationPlatforms) = preSolution
		Debug|Any CPU = Debug|Any CPU
		Release|Any CPU = Release|Any CPU
	EndGlobalSection
	GlobalSection(ProjectConfigurationPlatforms) = postSolution
		{4C342FA5-4627-4D1D-AFFF-5C318C6BFAB6}.Debug|Any CPU.ActiveCfg = Debug|Any CPU
		{4C342FA5-4627-4D1D-AFFF-5C318C6BFAB6}.Debug|Any CPU.Build.0 = Debug|Any CPU
		{4C342FA5-4627-4D1D-AFFF-5C318C6BFAB6}.Release|Any CPU.ActiveCfg = Release|Any CPU
		{4C342FA5-4627-4D1D-AFFF-5C318C6BFAB6}.Release|Any CPU.Build.0 = Release|Any CPU
	EndGlobalSection
	GlobalSection(SolutionProperties) = preSolution
		HideSolutionNode = FALSE
	EndGlobalSection
	GlobalSection(ExtensibilityGlobals) = postSolution
		SolutionGuid = {6C30CE38-C3F7-4FE4-A1AB-C3669D4EBF7A}
	EndGlobalSection
EndGlobal
